// !$*UTF8*$!
{
	archiveVersion = 1;
	classes = {
	};
	objectVersion = 50;
	objects = {

/* Begin PBXBuildFile section */
		B89A89F2243CB2960032560B /* AppDelegate.swift in Sources */ = {isa = PBXBuildFile; fileRef = B89A89F1243CB2960032560B /* AppDelegate.swift */; };
		B89A89F4243CB2960032560B /* SceneDelegate.swift in Sources */ = {isa = PBXBuildFile; fileRef = B89A89F3243CB2960032560B /* SceneDelegate.swift */; };
		B89A89F6243CB2960032560B /* GameViewController.swift in Sources */ = {isa = PBXBuildFile; fileRef = B89A89F5243CB2960032560B /* GameViewController.swift */; };
		B89A89F9243CB2960032560B /* Main.storyboard in Resources */ = {isa = PBXBuildFile; fileRef = B89A89F7243CB2960032560B /* Main.storyboard */; };
		B89A89FB243CB2980032560B /* Assets.xcassets in Resources */ = {isa = PBXBuildFile; fileRef = B89A89FA243CB2980032560B /* Assets.xcassets */; };
		B89A89FE243CB2980032560B /* LaunchScreen.storyboard in Resources */ = {isa = PBXBuildFile; fileRef = B89A89FC243CB2980032560B /* LaunchScreen.storyboard */; };
		B89A8A06243CC12A0032560B /* StartViewController.swift in Sources */ = {isa = PBXBuildFile; fileRef = B89A8A05243CC12A0032560B /* StartViewController.swift */; };
/* End PBXBuildFile section */

/* Begin PBXFileReference section */
		B89A89EE243CB2960032560B /* ClickTimer.app */ = {isa = PBXFileReference; explicitFileType = wrapper.application; includeInIndex = 0; path = ClickTimer.app; sourceTree = BUILT_PRODUCTS_DIR; };
		B89A89F1243CB2960032560B /* AppDelegate.swift */ = {isa = PBXFileReference; lastKnownFileType = sourcecode.swift; path = AppDelegate.swift; sourceTree = "<group>"; };
		B89A89F3243CB2960032560B /* SceneDelegate.swift */ = {isa = PBXFileReference; lastKnownFileType = sourcecode.swift; path = SceneDelegate.swift; sourceTree = "<group>"; };
		B89A89F5243CB2960032560B /* GameViewController.swift */ = {isa = PBXFileReference; lastKnownFileType = sourcecode.swift; path = GameViewController.swift; sourceTree = "<group>"; };
		B89A89F8243CB2960032560B /* Base */ = {isa = PBXFileReference; lastKnownFileType = file.storyboard; name = Base; path = Base.lproj/Main.storyboard; sourceTree = "<group>"; };
		B89A89FA243CB2980032560B /* Assets.xcassets */ = {isa = PBXFileReference; lastKnownFileType = folder.assetcatalog; path = Assets.xcassets; sourceTree = "<group>"; };
		B89A89FD243CB2980032560B /* Base */ = {isa = PBXFileReference; lastKnownFileType = file.storyboard; name = Base; path = Base.lproj/LaunchScreen.storyboard; sourceTree = "<group>"; };
		B89A89FF243CB2980032560B /* Info.plist */ = {isa = PBXFileReference; lastKnownFileType = text.plist.xml; path = Info.plist; sourceTree = "<group>"; };
		B89A8A05243CC12A0032560B /* StartViewController.swift */ = {isa = PBXFileReference; lastKnownFileType = sourcecode.swift; path = StartViewController.swift; sourceTree = "<group>"; };
/* End PBXFileReference section */

/* Begin PBXFrameworksBuildPhase section */
		B89A89EB243CB2960032560B /* Frameworks */ = {
			isa = PBXFrameworksBuildPhase;
			buildActionMask = 2147483647;
			files = (
			);
			runOnlyForDeploymentPostprocessing = 0;
		};
/* End PBXFrameworksBuildPhase section */

/* Begin PBXGroup section */
		B89A89E5243CB2960032560B = {
			isa = PBXGroup;
			children = (
				B89A89F0243CB2960032560B /* ClickTimer */,
				B89A89EF243CB2960032560B /* Products */,
			);
			sourceTree = "<group>";
		};
		B89A89EF243CB2960032560B /* Products */ = {
			isa = PBXGroup;
			children = (
				B89A89EE243CB2960032560B /* ClickTimer.app */,
			);
			name = Products;
			sourceTree = "<group>";
		};
		B89A89F0243CB2960032560B /* ClickTimer */ = {
			isa = PBXGroup;
			children = (
				B89A89F1243CB2960032560B /* AppDelegate.swift */,
				B89A89F3243CB2960032560B /* SceneDelegate.swift */,
				B89A8A05243CC12A0032560B /* StartViewController.swift */,
				B89A89F5243CB2960032560B /* GameViewController.swift */,
				B89A89F7243CB2960032560B /* Main.storyboard */,
				B89A89FA243CB2980032560B /* Assets.xcassets */,
				B89A89FC243CB2980032560B /* LaunchScreen.storyboard */,
				B89A89FF243CB2980032560B /* Info.plist */,
			);
			path = ClickTimer;
			sourceTree = "<group>";
		};
/* End PBXGroup section */

/* Begin PBXNativeTarget section */
		B89A89ED243CB2960032560B /* ClickTimer */ = {
			isa = PBXNativeTarget;
			buildConfigurationList = B89A8A02243CB2980032560B /* Build configuration list for PBXNativeTarget "ClickTimer" */;
			buildPhases = (
				B89A89EA243CB2960032560B /* Sources */,
				B89A89EB243CB2960032560B /* Frameworks */,
				B89A89EC243CB2960032560B /* Resources */,
			);
			buildRules = (
			);
			dependencies = (
			);
			name = ClickTimer;
			productName = ClickTimer;
			productReference = B89A89EE243CB2960032560B /* ClickTimer.app */;
			productType = "com.apple.product-type.application";
		};
/* End PBXNativeTarget section */

/* Begin PBXProject section */
		B89A89E6243CB2960032560B /* Project object */ = {
			isa = PBXProject;
			attributes = {
				LastSwiftUpdateCheck = 1140;
				LastUpgradeCheck = 1140;
				ORGANIZATIONNAME = "Tim Strobl";
				TargetAttributes = {
					B89A89ED243CB2960032560B = {
						CreatedOnToolsVersion = 11.4;
					};
				};
			};
			buildConfigurationList = B89A89E9243CB2960032560B /* Build configuration list for PBXProject "ClickTimer" */;
			compatibilityVersion = "Xcode 9.3";
			developmentRegion = en;
			hasScannedForEncodings = 0;
			knownRegions = (
				en,
				Base,
			);
			mainGroup = B89A89E5243CB2960032560B;
			productRefGroup = B89A89EF243CB2960032560B /* Products */;
			projectDirPath = "";
			projectRoot = "";
			targets = (
				B89A89ED243CB2960032560B /* ClickTimer */,
			);
		};
/* End PBXProject section */

/* Begin PBXResourcesBuildPhase section */
		B89A89EC243CB2960032560B /* Resources */ = {
			isa = PBXResourcesBuildPhase;
			buildActionMask = 2147483647;
			files = (
				B89A89FE243CB2980032560B /* LaunchScreen.storyboard in Resources */,
				B89A89FB243CB2980032560B /* Assets.xcassets in Resources */,
				B89A89F9243CB2960032560B /* Main.storyboard in Resources */,
			);
			runOnlyForDeploymentPostprocessing = 0;
		};
/* End PBXResourcesBuildPhase section */

/* Begin PBXSourcesBuildPhase section */
		B89A89EA243CB2960032560B /* Sources */ = {
			isa = PBXSourcesBuildPhase;
			buildActionMask = 2147483647;
			files = (
				B89A89F6243CB2960032560B /* GameViewController.swift in Sources */,
				B89A8A06243CC12A0032560B /* StartViewController.swift in Sources */,
				B89A89F2243CB2960032560B /* AppDelegate.swift in Sources */,
				B89A89F4243CB2960032560B /* SceneDelegate.swift in Sources */,
			);
			runOnlyForDeploymentPostprocessing = 0;
		};
/* End PBXSourcesBuildPhase section */

/* Begin PBXVariantGroup section */
		B89A89F7243CB2960032560B /* Main.storyboard */ = {
			isa = PBXVariantGroup;
			children = (
				B89A89F8243CB2960032560B /* Base */,
			);
			name = Main.storyboard;
			sourceTree = "<group>";
		};
		B89A89FC243CB2980032560B /* LaunchScreen.storyboard */ = {
			isa = PBXVariantGroup;
			children = (
				B89A89FD243CB2980032560B /* Base */,
			);
			name = LaunchScreen.storyboard;
			sourceTree = "<group>";
		};
/* End PBXVariantGroup section */

/* Begin XCBuildConfiguration section */
		B89A8A00243CB2980032560B /* Debug */ = {
			isa = XCBuildConfiguration;
			buildSettings = {
				ALWAYS_SEARCH_USER_PATHS = NO;
				CLANG_ANALYZER_NONNULL = YES;
				CLANG_ANALYZER_NUMBER_OBJECT_CONVERSION = YES_AGGRESSIVE;
				CLANG_CXX_LANGUAGE_STANDARD = "gnu++14";
				CLANG_CXX_LIBRARY = "libc++";
				CLANG_ENABLE_MODULES = YES;
				CLANG_ENABLE_OBJC_ARC = YES;
				CLANG_ENABLE_OBJC_WEAK = YES;
				CLANG_WARN_BLOCK_CAPTURE_AUTORELEASING = YES;
				CLANG_WARN_BOOL_CONVERSION = YES;
				CLANG_WARN_COMMA = YES;
				CLANG_WARN_CONSTANT_CONVERSION = YES;
				CLANG_WARN_DEPRECATED_OBJC_IMPLEMENTATIONS = YES;
				CLANG_WARN_DIRECT_OBJC_ISA_USAGE = YES_ERROR;
				CLANG_WARN_DOCUMENTATION_COMMENTS = YES;
				CLANG_WARN_EMPTY_BODY = YES;
				CLANG_WARN_ENUM_CONVERSION = YES;
				CLANG_WARN_INFINITE_RECURSION = YES;
				CLANG_WARN_INT_CONVERSION = YES;
				CLANG_WARN_NON_LITERAL_NULL_CONVERSION = YES;
				CLANG_WARN_OBJC_IMPLICIT_RETAIN_SELF = YES;
				CLANG_WARN_OBJC_LITERAL_CONVERSION = YES;
				CLANG_WARN_OBJC_ROOT_CLASS = YES_ERROR;
				CLANG_WARN_RANGE_LOOP_ANALYSIS = YES;
				CLANG_WARN_STRICT_PROTOTYPES = YES;
				CLANG_WARN_SUSPICIOUS_MOVE = YES;
				CLANG_WARN_UNGUARDED_AVAILABILITY = YES_AGGRESSIVE;
				CLANG_WARN_UNREACHABLE_CODE = YES;
				CLANG_WARN__DUPLICATE_METHOD_MATCH = YES;
				COPY_PHASE_STRIP = NO;
				DEBUG_INFORMATION_FORMAT = dwarf;
				ENABLE_STRICT_OBJC_MSGSEND = YES;
				ENABLE_TESTABILITY = YES;
				GCC_C_LANGUAGE_STANDARD = gnu11;
				GCC_DYNAMIC_NO_PIC = NO;
				GCC_NO_COMMON_BLOCKS = YES;
				GCC_OPTIMIZATION_LEVEL = 0;
				GCC_PREPROCESSOR_DEFINITIONS = (
					"DEBUG=1",
					"$(inherited)",
				);
				GCC_WARN_64_TO_32_BIT_CONVERSION = YES;
				GCC_WARN_ABOUT_RETURN_TYPE = YES_ERROR;
				GCC_WARN_UNDECLARED_SELECTOR = YES;
				GCC_WARN_UNINITIALIZED_AUTOS = YES_AGGRESSIVE;
				GCC_WARN_UNUSED_FUNCTION = YES;
				GCC_WARN_UNUSED_VARIABLE = YES;
				IPHONEOS_DEPLOYMENT_TARGET = 13.4;
				MTL_ENABLE_DEBUG_INFO = INCLUDE_SOURCE;
				MTL_FAST_MATH = YES;
				ONLY_ACTIVE_ARCH = YES;
				SDKROOT = iphoneos;
				SWIFT_ACTIVE_COMPILATION_CONDITIONS = DEBUG;
				SWIFT_OPTIMIZATION_LEVEL = "-Onone";
			};
			name = Debug;
		};
		B89A8A01243CB2980032560B /* Release */ = {
			isa = XCBuildConfiguration;
			buildSettings = {
				ALWAYS_SEARCH_USER_PATHS = NO;
				CLANG_ANALYZER_NONNULL = YES;
				CLANG_ANALYZER_NUMBER_OBJECT_CONVERSION = YES_AGGRESSIVE;
				CLANG_CXX_LANGUAGE_STANDARD = "gnu++14";
				CLANG_CXX_LIBRARY = "libc++";
				CLANG_ENABLE_MODULES = YES;
				CLANG_ENABLE_OBJC_ARC = YES;
				CLANG_ENABLE_OBJC_WEAK = YES;
				CLANG_WARN_BLOCK_CAPTURE_AUTORELEASING = YES;
				CLANG_WARN_BOOL_CONVERSION = YES;
				CLANG_WARN_COMMA = YES;
				CLANG_WARN_CONSTANT_CONVERSION = YES;
				CLANG_WARN_DEPRECATED_OBJC_IMPLEMENTATIONS = YES;
				CLANG_WARN_DIRECT_OBJC_ISA_USAGE = YES_ERROR;
				CLANG_WARN_DOCUMENTATION_COMMENTS = YES;
				CLANG_WARN_EMPTY_BODY = YES;
				CLANG_WARN_ENUM_CONVERSION = YES;
				CLANG_WARN_INFINITE_RECURSION = YES;
				CLANG_WARN_INT_CONVERSION = YES;
				CLANG_WARN_NON_LITERAL_NULL_CONVERSION = YES;
				CLANG_WARN_OBJC_IMPLICIT_RETAIN_SELF = YES;
				CLANG_WARN_OBJC_LITERAL_CONVERSION = YES;
				CLANG_WARN_OBJC_ROOT_CLASS = YES_ERROR;
				CLANG_WARN_RANGE_LOOP_ANALYSIS = YES;
				CLANG_WARN_STRICT_PROTOTYPES = YES;
				CLANG_WARN_SUSPICIOUS_MOVE = YES;
				CLANG_WARN_UNGUARDED_AVAILABILITY = YES_AGGRESSIVE;
				CLANG_WARN_UNREACHABLE_CODE = YES;
				CLANG_WARN__DUPLICATE_METHOD_MATCH = YES;
				COPY_PHASE_STRIP = NO;
				DEBUG_INFORMATION_FORMAT = "dwarf-with-dsym";
				ENABLE_NS_ASSERTIONS = NO;
				ENABLE_STRICT_OBJC_MSGSEND = YES;
				GCC_C_LANGUAGE_STANDARD = gnu11;
				GCC_NO_COMMON_BLOCKS = YES;
				GCC_WARN_64_TO_32_BIT_CONVERSION = YES;
				GCC_WARN_ABOUT_RETURN_TYPE = YES_ERROR;
				GCC_WARN_UNDECLARED_SELECTOR = YES;
				GCC_WARN_UNINITIALIZED_AUTOS = YES_AGGRESSIVE;
				GCC_WARN_UNUSED_FUNCTION = YES;
				GCC_WARN_UNUSED_VARIABLE = YES;
				IPHONEOS_DEPLOYMENT_TARGET = 13.4;
				MTL_ENABLE_DEBUG_INFO = NO;
				MTL_FAST_MATH = YES;
				SDKROOT = iphoneos;
				SWIFT_COMPILATION_MODE = wholemodule;
				SWIFT_OPTIMIZATION_LEVEL = "-O";
				VALIDATE_PRODUCT = YES;
			};
			name = Release;
		};
		B89A8A03243CB2980032560B /* Debug */ = {
			isa = XCBuildConfiguration;
			buildSettings = {
				ASSETCATALOG_COMPILER_APPICON_NAME = AppIcon;
				CODE_SIGN_STYLE = Automatic;
				DEVELOPMENT_TEAM = 566Z25HM8L;
				INFOPLIST_FILE = ClickTimer/Info.plist;
				LD_RUNPATH_SEARCH_PATHS = (
					"$(inherited)",
					"@executable_path/Frameworks",
				);
				PRODUCT_BUNDLE_IDENTIFIER = com.tstudios.ClickTimer;
				PRODUCT_NAME = "$(TARGET_NAME)";
				SWIFT_VERSION = 5.0;
				TARGETED_DEVICE_FAMILY = "1,2";
			};
			name = Debug;
		};
		B89A8A04243CB2980032560B /* Release */ = {
			isa = XCBuildConfiguration;
			buildSettings = {
				ASSETCATALOG_COMPILER_APPICON_NAME = AppIcon;
				CODE_SIGN_STYLE = Automatic;
				DEVELOPMENT_TEAM = 566Z25HM8L;
				INFOPLIST_FILE = ClickTimer/Info.plist;
				LD_RUNPATH_SEARCH_PATHS = (
					"$(inherited)",
					"@executable_path/Frameworks",
				);
				PRODUCT_BUNDLE_IDENTIFIER = com.tstudios.ClickTimer;
				PRODUCT_NAME = "$(TARGET_NAME)";
				SWIFT_VERSION = 5.0;
				TARGETED_DEVICE_FAMILY = "1,2";
			};
			name = Release;
		};
/* End XCBuildConfiguration section */

/* Begin XCConfigurationList section */
		B89A89E9243CB2960032560B /* Build configuration list for PBXProject "ClickTimer" */ = {
			isa = XCConfigurationList;
			buildConfigurations = (
				B89A8A00243CB2980032560B /* Debug */,
				B89A8A01243CB2980032560B /* Release */,
			);
			defaultConfigurationIsVisible = 0;
			defaultConfigurationName = Release;
		};
		B89A8A02243CB2980032560B /* Build configuration list for PBXNativeTarget "ClickTimer" */ = {
			isa = XCConfigurationList;
			buildConfigurations = (
				B89A8A03243CB2980032560B /* Debug */,
				B89A8A04243CB2980032560B /* Release */,
			);
			defaultConfigurationIsVisible = 0;
			defaultConfigurationName = Release;
		};
/* End XCConfigurationList section */
	};
	rootObject = B89A89E6243CB2960032560B /* Project object */;
}
